
Microsoft Visual Studio Solution File, Format Version 12.00
# Visual Studio 2017
Project("{FAE04EC0-301F-11D3-BF4B-00C04F79EFBC}") = "shoot", "shoot.csproj", "{39D09D47-F4FF-971E-68EF-9E380DEF4197}"
EndProject
Project("{FAE04EC0-301F-11D3-BF4B-00C04F79EFBC}") = "shoot.Plugins", "shoot.Plugins.csproj", "{A60DE382-0837-5A12-13DD-5F6EB6298FA7}"
EndProject
Project("{FAE04EC0-301F-11D3-BF4B-00C04F79EFBC}") = "shoot.Editor.Plugins", "shoot.Editor.Plugins.csproj", "{366B12E6-B7B2-07B5-01D3-886772FCD37C}"
EndProject
Project("{FAE04EC0-301F-11D3-BF4B-00C04F79EFBC}") = "shoot.Editor", "shoot.Editor.csproj", "{944C0069-0BF6-5FB1-2237-94F317EB85CD}"
EndProject
Global
	GlobalSection(SolutionConfigurationPlatforms) = preSolution
		Debug|Any CPU = Debug|Any CPU
		Release|Any CPU = Release|Any CPU
	EndGlobalSection
	GlobalSection(ProjectConfigurationPlatforms) = postSolution
		{39D09D47-F4FF-971E-68EF-9E380DEF4197}.Debug|Any CPU.ActiveCfg = Debug|Any CPU
		{39D09D47-F4FF-971E-68EF-9E380DEF4197}.Debug|Any CPU.Build.0 = Debug|Any CPU
		{39D09D47-F4FF-971E-68EF-9E380DEF4197}.Release|Any CPU.ActiveCfg = Release|Any CPU
		{39D09D47-F4FF-971E-68EF-9E380DEF4197}.Release|Any CPU.Build.0 = Release|Any CPU
		{A60DE382-0837-5A12-13DD-5F6EB6298FA7}.Debug|Any CPU.ActiveCfg = Debug|Any CPU
		{A60DE382-0837-5A12-13DD-5F6EB6298FA7}.Debug|Any CPU.Build.0 = Debug|Any CPU
		{A60DE382-0837-5A12-13DD-5F6EB6298FA7}.Release|Any CPU.ActiveCfg = Release|Any CPU
		{A60DE382-0837-5A12-13DD-5F6EB6298FA7}.Release|Any CPU.Build.0 = Release|Any CPU
		{366B12E6-B7B2-07B5-01D3-886772FCD37C}.Debug|Any CPU.ActiveCfg = Debug|Any CPU
		{366B12E6-B7B2-07B5-01D3-886772FCD37C}.Debug|Any CPU.Build.0 = Debug|Any CPU
		{366B12E6-B7B2-07B5-01D3-886772FCD37C}.Release|Any CPU.ActiveCfg = Release|Any CPU
		{366B12E6-B7B2-07B5-01D3-886772FCD37C}.Release|Any CPU.Build.0 = Release|Any CPU
		{944C0069-0BF6-5FB1-2237-94F317EB85CD}.Debug|Any CPU.ActiveCfg = Debug|Any CPU
		{944C0069-0BF6-5FB1-2237-94F317EB85CD}.Debug|Any CPU.Build.0 = Debug|Any CPU
		{944C0069-0BF6-5FB1-2237-94F317EB85CD}.Release|Any CPU.ActiveCfg = Release|Any CPU
		{944C0069-0BF6-5FB1-2237-94F317EB85CD}.Release|Any CPU.Build.0 = Release|Any CPU
	EndGlobalSection
	GlobalSection(SolutionProperties) = preSolution
		HideSolutionNode = FALSE
	EndGlobalSection
EndGlobal
